
Microsoft Visual Studio Solution File, Format Version 12.00
# Visual Studio Version 16
VisualStudioVersion = 16.0.30413.136
MinimumVisualStudioVersion = 10.0.40219.1
Project("{8BC9CEB8-8B4A-11D0-8D11-00A0C91BC942}") = "Multithreading_ModernCpp", "Multithreading_ModernCpp\Multithreading_ModernCpp.vcxproj", "{D61D2317-2CB9-483E-8EA9-C95674BCA648}"
EndProject
Global
	GlobalSection(SolutionConfigurationPlatforms) = preSolution
		Debug|x64 = Debug|x64
		Debug|x86 = Debug|x86
		Release|x64 = Release|x64
		Release|x86 = Release|x86
	EndGlobalSection
	GlobalSection(ProjectConfigurationPlatforms) = postSolution
		{D61D2317-2CB9-483E-8EA9-C95674BCA648}.Debug|x64.ActiveCfg = Debug|x64
		{D61D2317-2CB9-483E-8EA9-C95674BCA648}.Debug|x64.Build.0 = Debug|x64
		{D61D2317-2CB9-483E-8EA9-C95674BCA648}.Debug|x86.ActiveCfg = Debug|Win32
		{D61D2317-2CB9-483E-8EA9-C95674BCA648}.Debug|x86.Build.0 = Debug|Win32
		{D61D2317-2CB9-483E-8EA9-C95674BCA648}.Release|x64.ActiveCfg = Release|x64
		{D61D2317-2CB9-483E-8EA9-C95674BCA648}.Release|x64.Build.0 = Release|x64
		{D61D2317-2CB9-483E-8EA9-C95674BCA648}.Release|x86.ActiveCfg = Release|Win32
		{D61D2317-2CB9-483E-8EA9-C95674BCA648}.Release|x86.Build.0 = Release|Win32
	EndGlobalSection
	GlobalSection(SolutionProperties) = preSolution
		HideSolutionNode = FALSE
	EndGlobalSection
	GlobalSection(ExtensibilityGlobals) = postSolution
		SolutionGuid = {E8CD70A1-8BAA-4038-A611-149260410378}
	EndGlobalSection
EndGlobal
